version = 1
revision = 3
requires-python = ">=3.9"
resolution-markers = [
    "python_full_version >= '3.10'",
    "python_full_version < '3.10'",
]

[[package]]
name = "colorama"
version = "0.4.6"
source = { registry = "https://pypi.org/simple" }
sdist = { url = "https://files.pythonhosted.org/packages/d8/53/6f443c9a4a8358a93a6792e2acffb9d9d5cb0a5cfd8802644b7b1c9a02e4/colorama-0.4.6.tar.gz", hash = "sha256:08695f5cb7ed6e0531a20572697297273c47b8cae5a63ffc6d6ed5c201be6e44", size = 27697, upload-time = "2022-10-25T02:36:22.414Z" }
wheels = [
    { url = "https://files.pythonhosted.org/packages/d1/d6/3965ed04c63042e047cb6a3e6ed1a63a35087b6a609aa3a15ed8ac56c221/colorama-0.4.6-py2.py3-none-any.whl", hash = "sha256:4f1d9991f5acc0ca119f9d443620b77f9d6b33703e51011c16baf57afb285fc6", size = 25335, upload-time = "2022-10-25T02:36:20.889Z" },
]

[[package]]
name = "exceptiongroup"
version = "1.3.1"
source = { registry = "https://pypi.org/simple" }
dependencies = [
    { name = "typing-extensions" },
]
sdist = { url = "https://files.pythonhosted.org/packages/50/79/66800aadf48771f6b62f7eb014e352e5d06856655206165d775e675a02c9/exceptiongroup-1.3.1.tar.gz", hash = "sha256:8b412432c6055b0b7d14c310000ae93352ed6754f70fa8f7c34141f91c4e3219", size = 30371, upload-time = "2025-11-21T23:01:54.787Z" }
wheels = [
    { url = "https://files.pythonhosted.org/packages/8a/0e/97c33bf5009bdbac74fd2beace167cab3f978feb69cc36f1ef79360d6c4e/exceptiongroup-1.3.1-py3-none-any.whl", hash = "sha256:a7a39a3bd276781e98394987d3a5701d0c4edffb633bb7a5144577f82c773598", size = 16740, upload-time = "2025-11-21T23:01:53.443Z" },
]

[[package]]
name = "iniconfig"
version = "2.1.0"
source = { registry = "https://pypi.org/simple" }
resolution-markers = [
    "python_full_version < '3.10'",
]
sdist = { url = "https://files.pythonhosted.org/packages/f2/97/ebf4da567aa6827c909642694d71c9fcf53e5b504f2d96afea02718862f3/iniconfig-2.1.0.tar.gz", hash = "sha256:3abbd2e30b36733fee78f9c7f7308f2d0050e88f0087fd25c2645f63c773e1c7", size = 4793, upload-time = "2025-03-19T20:09:59.721Z" }
wheels = [
    { url = "https://files.pythonhosted.org/packages/2c/e1/e6716421ea10d38022b952c159d5161ca1193197fb744506875fbb87ea7b/iniconfig-2.1.0-py3-none-any.whl", hash = "sha256:9deba5723312380e77435581c6bf4935c94cbfab9b1ed33ef8d238ea168eb760", size = 6050, upload-time = "2025-03-19T20:10:01.071Z" },
]

[[package]]
name = "iniconfig"
version = "2.3.0"
source = { registry = "https://pypi.org/simple" }
resolution-markers = [
    "python_full_version >= '3.10'",
]
sdist = { url = "https://files.pythonhosted.org/packages/72/34/14ca021ce8e5dfedc35312d08ba8bf51fdd999c576889fc2c24cb97f4f10/iniconfig-2.3.0.tar.gz", hash = "sha256:c76315c77db068650d49c5b56314774a7804df16fee4402c1f19d6d15d8c4730", size = 20503, upload-time = "2025-10-18T21:55:43.219Z" }
wheels = [
    { url = "https://files.pythonhosted.org/packages/cb/b1/3846dd7f199d53cb17f49cba7e651e9ce294d8497c8c150530ed11865bb8/iniconfig-2.3.0-py3-none-any.whl", hash = "sha256:f631c04d2c48c52b84d0d0549c99ff3859c98df65b3101406327ecc7d53fbf12", size = 7484, upload-time = "2025-10-18T21:55:41.639Z" },
]

[[package]]
name = "lief"
version = "1.0.0"
source = { registry = "https://pypi.org/simple" }
sdist = { url = "https://files.pythonhosted.org/packages/0e/05/30df8a9af4f9b183b5e89373626cf019bd98f46fe52728ab74cacd31d76a/lief-1.0.0.tar.gz", hash = "sha256:811b2354f48fa08c49b106eafc9c1b26006371dc24d3d04bfdd9939863df6e6a", size = 7774, upload-time = "2026-07-12T14:12:09.152Z" }
wheels = [
    { url = "https://files.pythonhosted.org/packages/e5/16/05fabd946c0bf575bf3a5131af783b22c2f8477457915dcbb33461ebd2ed/lief-1.0.0-cp310-cp310-macosx_11_0_arm64.whl", hash = "sha256:cd211a2f11afba7330bc7a51e494a658e8695711912ea00e54efad5cf1cf5afe", size = 3287877, upload-time = "2026-07-12T14:00:30.002Z" },
    { url = "https://files.pythonhosted.org/packages/6c/c7/4f25364a03fc45c64e7500717a2c147b5e4edd02f33012233096ccc83c0b/lief-1.0.0-cp310-cp310-macosx_11_0_x86_64.whl", hash = "sha256:e317252e743d7f0020598b9120ecc81ba1c569c68d30d50d99dbd1992036d7a4", size = 3375285, upload-time = "2026-07-12T14:00:32.475Z" },
    { url = "https://files.pythonhosted.org/packages/fc/5b/9b293aabe0bd40bdaf62484817e1e16b19455b084ded23697884784e6c86/lief-1.0.0-cp310-cp310-manylinux_2_28_aarch64.whl", hash = "sha256:cd7512a23b20c7c47a11bc27925e8c324c062a393e23716d7cee866c4d92db1f", size = 3610506, upload-time = "2026-07-12T14:00:34.038Z" },
    { url = "https://files.pythonhosted.org/packages/cf/6e/65b3a4fe58aab5e6d4d455996fa9a70b08c3e2523634d1c0e670126cf252/lief-1.0.0-cp310-cp310-manylinux_2_28_i686.whl", hash = "sha256:b14131d013439d2562d0da09b3c316c7df9e3be25c4a4553a0b324be84785f74", size = 3753615, upload-time = "2026-07-12T14:00:35.724Z" },
    { url = "https://files.pythonhosted.org/packages/7c/46/a0636c2bf940a3e96df4907d03b916e9a7760ae5bd7c30a38ba21dc01c69/lief-1.0.0-cp310-cp310-manylinux_2_28_riscv64.whl", hash = "sha256:66d63183afe5dcf6721b28a59be758636d85751d2567ada602f6ce40b6d9c508", size = 3693737, upload-time = "2026-07-12T14:00:37.25Z" },
    { url = "https://files.pythonhosted.org/packages/21/b1/9d9ddaf79cfdc668e144945ef3216d038557aedc292ed9c4624336bd048e/lief-1.0.0-cp310-cp310-manylinux_2_28_x86_64.whl", hash = "sha256:5b40bb3591c2db6aea6208b51ef7cb9a9e05c8be5c9437314857d1fda1e61f21", size = 3670836, upload-time = "2026-07-12T14:00:39.864Z" },
    { url = "https://files.pythonhosted.org/packages/ba/c7/129dd599de164d0082679e529c9745cbb3f1fd886312cd997c46adff775e/lief-1.0.0-cp310-cp310-musllinux_1_2_aarch64.whl", hash = "sha256:b0ba45425a9963eec324002169881f3bfe23b34aab20d90e2370f1550a80b78b", size = 3918606, upload-time = "2026-07-12T14:00:42.606Z" },
    { url = "https://files.pythonhosted.org/packages/13/50/26de66fc6ee98d0385e62d1ced754170324dfe287dcffe948f1882bd6223/lief-1.0.0-cp310-cp310-musllinux_1_2_i686.whl", hash = "sha256:ae13bc7797c779a0528c5c4339afca38669860d681f958cc04a9b2e979cdc783", size = 4196479, upload-time = "2026-07-12T14:00:45.12Z" },
    { url = "https://files.pythonhosted.org/packages/e8/ff/1051220b3f63fe1f0876a44bd0a6de7fd7d6eef93217902767f0c2d23721/lief-1.0.0-cp310-cp310-musllinux_1_2_riscv64.whl", hash = "sha256:1d782903e43f71bf9ac7224463a30ef74e975914d463a462288437affe8ad3d2", size = 3972009, upload-time = "2026-07-12T14:00:47.701Z" },
    { url = "https://files.pythonhosted.org/packages/ab/51/6ac7d01c2057186a1af4dc69a68630861adfefaec8df058013db5b51d1b5/lief-1.0.0-cp310-cp310-musllinux_1_2_x86_64.whl", hash = "sha256:64b48a18be73768f6259e4c0fd0ac65202c2eae54a8629be026296027a42c539", size = 3963341, upload-time = "2026-07-12T14:00:50.253Z" },
    { url = "https://files.pythonhosted.org/packages/87/ef/0c7e172dc0c8f32b6a9d3c9a660cc5872847f35079fffddb5f593565545a/lief-1.0.0-cp310-cp310-win32.whl", hash = "sha256:7e8fde88db83014bce91269188393c41ec81ddd47f32726a1f8f93a5be6be42e", size = 3722679, upload-time = "2026-07-12T14:22:38.655Z" },
    { url = "https://files.pythonhosted.org/packages/54/ee/310255ea7820af9a1d2346471d8ce7acc546fceb1ced7b24374e1ae94785/lief-1.0.0-cp310-cp310-win_amd64.whl", hash = "sha256:b3f173de0e49ad89fc4ea1e74508da3220814a44728060b494d85b8998726760", size = 4011526, upload-time = "2026-07-12T14:00:52.922Z" },
    { url = "https://files.pythonhosted.org/packages/21/64/300f5789ea54d4dcd6385132aee6b0bb6b135518b345bd2bc56949061e2d/lief-1.0.0-cp311-cp311-macosx_11_0_arm64.whl", hash = "sha256:e9037bda164285b2a59ee3910dfb70e775b2e3ba793edc565725e0bf926b09e9", size = 3286965, upload-time = "2026-07-12T14:10:22.129Z" },
    { url = "https://files.pythonhosted.org/packages/1f/7d/6b814a223c9e2a1a10bb476359488fb247921b38468251325b3e83f06bed/lief-1.0.0-cp311-cp311-macosx_11_0_x86_64.whl", hash = "sha256:2edb6c75944a90e1f9b6fb0e086844b7d00311344149f4007dd4f029476f8fe2", size = 3375351, upload-time = "2026-07-12T14:10:23.759Z" },
    { url = "https://files.pythonhosted.org/packages/6f/21/097f7f28157870491d648c65befd3a66163eb42f23bd12d1bbda59e94c5e/lief-1.0.0-cp311-cp311-manylinux_2_28_aarch64.whl", hash = "sha256:95fb7dc84960068ab881bc681e646cab55f3d736c07bb07e91d5cbc8738885a7", size = 3610243, upload-time = "2026-07-12T14:10:25.303Z" },
    { url = "https://files.pythonhosted.org/packages/92/2d/48a2713e5750cfd3ccd0e59662050b91273b1fbf09b4cad88a216335f947/lief-1.0.0-cp311-cp311-manylinux_2_28_i686.whl", hash = "sha256:ea1220b0b68a9b2cd6d1b3f05276c877d136f5b39e3a01d3433df70a92803071", size = 3753319, upload-time = "2026-07-12T14:10:27.022Z" },
    { url = "https://files.pythonhosted.org/packages/0d/61/ca1a9d8ec16bc0075849cb4be47e7d5e5dae8d354d2ef32eb619ad204f8c/lief-1.0.0-cp311-cp311-manylinux_2_28_riscv64.whl", hash = "sha256:5aa92fa9501d60c0dbc8fe88d40fa9f19708fad958674eaea1b52cf4217e734d", size = 3693124, upload-time = "2026-07-12T14:10:28.497Z" },
    { url = "https://files.pythonhosted.org/packages/09/b5/36e2ce60fcd60d2cc20f743ad50d437380c3f9f51d9b2942b230f0c05b72/lief-1.0.0-cp311-cp311-manylinux_2_28_x86_64.whl", hash = "sha256:96277e45d58de45a33249079dac43e50db1c96da162fbe1ad02fbaa82e3bd06f", size = 3670339, upload-time = "2026-07-12T14:10:30.354Z" },
    { url = "https://files.pythonhosted.org/packages/7a/bf/bf9690141bb137bc99e94c38722a69ae2da428ad8c9e972136b28e5a56eb/lief-1.0.0-cp311-cp311-musllinux_1_2_aarch64.whl", hash = "sha256:514ba1c9c94f0cd09986bfb1db71fd678acd19f826058fe9cefbba0e7b9a5d86", size = 3918692, upload-time = "2026-07-12T14:10:32.005Z" },
    { url = "https://files.pythonhosted.org/packages/b1/cb/54a449fa7590348c21022f6aba3544d4b576474a1a13d5187482eb0b6867/lief-1.0.0-cp311-cp311-musllinux_1_2_i686.whl", hash = "sha256:7ed5d9511cd7313bb56c95c4f580e8e332615ae0bd45e05b43990f1b563ceef3", size = 4196769, upload-time = "2026-07-12T14:10:34.106Z" },
    { url = "https://files.pythonhosted.org/packages/e9/58/5d09f19505daf08faf557a92f0af36ee5f1866bbdcc43977fd690c80f599/lief-1.0.0-cp311-cp311-musllinux_1_2_riscv64.whl", hash = "sha256:37810cadad1fd796b6a681fe7eac084489103a7b2fed306776f9932b38c8d4ac", size = 3971579, upload-time = "2026-07-12T14:10:35.873Z" },
    { url = "https://files.pythonhosted.org/packages/3e/60/5440b2604553f95240b214549c73e29e9e7786f9b173a21fe5cc1fa833b2/lief-1.0.0-cp311-cp311-musllinux_1_2_x86_64.whl", hash = "sha256:34d12d846529e5d5157a7feaf54d1bd8b6c2905cb6c46cc1f7c94fa9e9bd1f6a", size = 3963306, upload-time = "2026-07-12T14:10:37.592Z" },
    { url = "https://files.pythonhosted.org/packages/e5/07/0341a4de77c3a1b1223a7a996514b5995cb3b6ec7499d28ffadc5998fb59/lief-1.0.0-cp311-cp311-win32.whl", hash = "sha256:1a20cd029b539eb5888882b377617544da012e1bbb2ce575a524c87aaec1102b", size = 3722521, upload-time = "2026-07-12T14:22:41.152Z" },
    { url = "https://files.pythonhosted.org/packages/d9/b0/74f50ca24b9a70ba75e4eed3d1a5f3dbf0608965b7adaf98f3afd14db0e2/lief-1.0.0-cp311-cp311-win_amd64.whl", hash = "sha256:fbaf64c338086da0a5d67b0e440b7010f2fd4b1d6edc68db303693759320ebfb", size = 4011319, upload-time = "2026-07-12T14:10:39.338Z" },
    { url = "https://files.pythonhosted.org/packages/7b/36/01f6b6ba1efce59b538e86b4c5abbc3cfc11b18ae88e974f0aace834737a/lief-1.0.0-cp311-cp311-win_arm64.whl", hash = "sha256:a9b7bae94a3a160af9b52f15265e55a59a1f3bb305ae9280cfe9ce84cf2c5d0e", size = 3766358, upload-time = "2026-07-12T14:10:40.917Z" },
    { url = "https://files.pythonhosted.org/packages/da/b0/9f231000f0b1d0d227fa4b3a6a66aff4d5168dcc642c697605e0df739b4f/lief-1.0.0-cp312-abi3-macosx_11_0_arm64.whl", hash = "sha256:92bf3b06c19a1ebd9e7978de47cc61040752ec452f7906bc3aac8d57abb23a8b", size = 3285262, upload-time = "2026-07-12T14:10:42.576Z" },
    { url = "https://files.pythonhosted.org/packages/03/68/4eaec5e731fa53d764d60767037fccb4ca55d1f2cf1679edaa8ae0f3a07f/lief-1.0.0-cp312-abi3-macosx_11_0_x86_64.whl", hash = "sha256:48e360eea660d019312e377954f327e4fe0918781ee45e9056cd641f50bb6355", size = 3376474, upload-time = "2026-07-12T14:10:44.265Z" },
    { url = "https://files.pythonhosted.org/packages/5a/f8/3aba2989bd9f48e796de5260a19acb2af1e6562b147e32a2a26e418a9b58/lief-1.0.0-cp312-abi3-manylinux_2_28_aarch64.whl", hash = "sha256:a9e4b9e165bde0163624e159c8c7a096e3d6f671371c70d008baac7ac1f04f0d", size = 3604777, upload-time = "2026-07-12T14:10:46.006Z" },
    { url = "https://files.pythonhosted.org/packages/e8/f4/73adc62ede9d8159d7b3bde312270f9ce33886647caa183db24c4e804d7e/lief-1.0.0-cp312-abi3-manylinux_2_28_i686.whl", hash = "sha256:6b5d975f45e8830bc12da346d3dd317803d8852f1b61838e655741178e46d300", size = 3753256, upload-time = "2026-07-12T14:10:47.739Z" },
    { url = "https://files.pythonhosted.org/packages/2b/c1/b7093423a74b60f48a74c59c5cb84c20723a02484264c8b2d43662ef5761/lief-1.0.0-cp312-abi3-manylinux_2_28_riscv64.whl", hash = "sha256:5ab0c89879066a36467fb8b85485710e40ea982c90f46de3486d6633b1d43e2f", size = 3692596, upload-time = "2026-07-12T14:10:49.725Z" },
    { url = "https://files.pythonhosted.org/packages/cd/d7/6e8135da80a63d8ee413f169eda8c331817bf6f1496fc5647722b105aa19/lief-1.0.0-cp312-abi3-manylinux_2_28_x86_64.whl", hash = "sha256:41ff868f5328fc8e5237a9e1f4718590e0ee9180c1422b3e4948b7116ba4517c", size = 3674893, upload-time = "2026-07-12T14:10:51.489Z" },
    { url = "https://files.pythonhosted.org/packages/fa/06/3b7f72f9fad8d36631aa6ba4a92edab9241806502b4d5d01f345aeb435f8/lief-1.0.0-cp312-abi3-musllinux_1_2_aarch64.whl", hash = "sha256:30c48bb32afdcea98df04cd456e7199e84a629396faf475ca9c8880a4b4c1ce3", size = 3913123, upload-time = "2026-07-12T14:10:53.055Z" },
    { url = "https://files.pythonhosted.org/packages/6a/67/ec0046772e0c40a1274c42034382e93c26e33157ea917aa2ff4ba9b8be2b/lief-1.0.0-cp312-abi3-musllinux_1_2_i686.whl", hash = "sha256:f58e26e2e4d110cd6a42d86ab497cd4bedc47d72690fae557023ac536d85edcc", size = 4197779, upload-time = "2026-07-12T14:10:54.789Z" },
    { url = "https://files.pythonhosted.org/packages/2f/50/554f682a5feb40ccf0663679bcbb479d7d4f6381d516d42859a9ead39f41/lief-1.0.0-cp312-abi3-musllinux_1_2_riscv64.whl", hash = "sha256:f6c2007bf96704cedc5cee8ae303ba7008840b9a2214ca9f4f43a6faa703834f", size = 3972848, upload-time = "2026-07-12T14:10:56.402Z" },
    { url = "https://files.pythonhosted.org/packages/da/ca/b113461f25a01a9165713de7f4ac7518ea21fb6e3939971d16d56a469c10/lief-1.0.0-cp312-abi3-musllinux_1_2_x86_64.whl", hash = "sha256:714c96894048f15c8fcecbe6ef4a95416a0f256a20cc6130f8f2398ee717ca06", size = 3969432, upload-time = "2026-07-12T14:10:58.093Z" },
    { url = "https://files.pythonhosted.org/packages/87/e5/b7bcab0256eb2f15d71652d5578f338b4cac1629a35b5bef2607f41d0be9/lief-1.0.0-cp312-abi3-win32.whl", hash = "sha256:d552235f6c7b999b1837946b61cc64537501fac4fda1663c2cb76482b27b609f", size = 3720709, upload-time = "2026-07-12T14:22:43.058Z" },
    { url = "https://files.pythonhosted.org/packages/83/16/950c16d246c52a32b47aca19ade2919dfc9192cc4c45c92635c36d3a8b6b/lief-1.0.0-cp312-abi3-win_amd64.whl", hash = "sha256:ca7774b0d88f4528a1c153d7a9d2798800d6389847b966861fad9f2edb17a593", size = 4018974, upload-time = "2026-07-12T14:10:59.857Z" },
    { url = "https://files.pythonhosted.org/packages/91/2a/cc514b5ec9ec187335f2e8ab545d7b110a5f931d430a0bd2917563aefae4/lief-1.0.0-cp312-abi3-win_arm64.whl", hash = "sha256:956ee963e2a2ed318d08fd9fe4ff948906c483db1b88f7a62dac24db76ffa4b0", size = 3771788, upload-time = "2026-07-12T14:11:01.607Z" },
    { url = "https://files.pythonhosted.org/packages/e3/0e/e8fb688a7f282bc8fca82448c0e590fbba67ae754b29b4746d1aaa51ce46/lief-1.0.0-cp314-cp314t-macosx_11_0_arm64.whl", hash = "sha256:23253bbc154ff0dc5253a8929a2a407d11d459694c409d053b93308e623125ff", size = 3349507, upload-time = "2026-07-12T14:11:03.309Z" },
    { url = "https://files.pythonhosted.org/packages/63/96/c7d4ea1e4f43f53be57d979244bd6426aa94b059d1f3cebd8bcc46bf6222/lief-1.0.0-cp314-cp314t-macosx_11_0_x86_64.whl", hash = "sha256:ecd440475e677c6834af996d34a2babbad1af6a3addaaa3822fd021972c41311", size = 3432213, upload-time = "2026-07-12T14:11:05.041Z" },
    { url = "https://files.pythonhosted.org/packages/13/4d/58f8947e7459c2089abb03d6f63b9c12a5a9e103fed571ac43869ef8313d/lief-1.0.0-cp314-cp314t-manylinux_2_28_aarch64.whl", hash = "sha256:0e4c0934c27bea29752bdac494c2611c676d27d54139c96098f57b22d065deeb", size = 3664092, upload-time = "2026-07-12T14:11:06.62Z" },
    { url = "https://files.pythonhosted.org/packages/3c/1e/679f32b5ffee1d370358d5e94c030d047b409873489d2049365c15356d04/lief-1.0.0-cp314-cp314t-manylinux_2_28_i686.whl", hash = "sha256:4d2f1565110abc06070c0f6dcababab64606721fd1401477857558d9575ad663", size = 3805718, upload-time = "2026-07-12T14:11:08.336Z" },
    { url = "https://files.pythonhosted.org/packages/c7/05/f65b1ab1eb0e345dbbad62407ba9f8d82acf19268b8c1aff9e5355f5e7ca/lief-1.0.0-cp314-cp314t-manylinux_2_28_riscv64.whl", hash = "sha256:25ea4a80545eb4d1ffe75f49fceca526ce85130bd263bcd81a0fa66178ab1e7f", size = 3750775, upload-time = "2026-07-12T14:11:10.312Z" },
    { url = "https://files.pythonhosted.org/packages/8c/85/02e39735843ed44572126575deda5c9ebcb614412132afeeba5b8a2a3ed4/lief-1.0.0-cp314-cp314t-manylinux_2_28_x86_64.whl", hash = "sha256:18b05ce0244be151c58fedbd8b08687ed69713533cab9af23060a73f4441e847", size = 3731535, upload-time = "2026-07-12T14:11:12.064Z" },
    { url = "https://files.pythonhosted.org/packages/64/45/0664acd97c955380cf40f1ae00f33cc6f4e01373cde4782986d54d17aac7/lief-1.0.0-cp314-cp314t-musllinux_1_2_aarch64.whl", hash = "sha256:26777c1ec1ac55d3b981cad0fdb61d38de21da4b83810d637a5f4d0190470bf6", size = 3975553, upload-time = "2026-07-12T14:11:13.868Z" },
    { url = "https://files.pythonhosted.org/packages/be/ee/4a3ee9db6cba043a5579f939ffacda1c7825f49907221eae911358982aae/lief-1.0.0-cp314-cp314t-musllinux_1_2_i686.whl", hash = "sha256:5881e7698fb9b7ea6398dc86db78c6ae65331d7473c713d5a24318e264048334", size = 4250798, upload-time = "2026-07-12T14:11:15.617Z" },
    { url = "https://files.pythonhosted.org/packages/fb/80/86ecc653817067d945ef92577a58d27aa359b9f2038c69e457b710b1560a/lief-1.0.0-cp314-cp314t-musllinux_1_2_riscv64.whl", hash = "sha256:6be55884009b1eea2314c6d918a945c8bc72584928957771956b600fdcecaa19", size = 4029644, upload-time = "2026-07-12T14:11:17.164Z" },
    { url = "https://files.pythonhosted.org/packages/c4/af/cd42f2569b35af9744d2832f0f9698a73ed5b8aebfc5056dab69b0c2732a/lief-1.0.0-cp314-cp314t-musllinux_1_2_x86_64.whl", hash = "sha256:f12816bb3d4781fdc98db4df312a8da744c5a93f587fa4919124fcb9b277d510", size = 4027250, upload-time = "2026-07-12T14:11:19.333Z" },
    { url = "https://files.pythonhosted.org/packages/0b/4d/0797e4e048179c31400322a2765a30f9dd11d1c968b829578b909452566f/lief-1.0.0-cp314-cp314t-win32.whl", hash = "sha256:b5f954b86f6c99437a461ed794bbc2d5e003e6a24e462b49f4978bce228b3801", size = 3787154, upload-time = "2026-07-12T14:22:44.99Z" },
    { url = "https://files.pythonhosted.org/packages/13/51/b80054950752fd581c60f9c01fbca3f700a3fdd47307d0f6ae19714bb550/lief-1.0.0-cp314-cp314t-win_amd64.whl", hash = "sha256:4680aeaa0eb9f21540f37ab5f97820fdf8f08b9c67c42b4435e232ca8cc22a27", size = 4073853, upload-time = "2026-07-12T14:11:21.286Z" },
    { url = "https://files.pythonhosted.org/packages/03/c5/3e8dab85764e5eafa8812ef5914acde47981d01c131084bcbdda9893c449/lief-1.0.0-cp314-cp314t-win_arm64.whl", hash = "sha256:7677a7b8fffd4de096d7ca1db64d1a6c3007e02650ed256fb93b2f3f9ea74097", size = 3804579, upload-time = "2026-07-12T14:11:23.349Z" },
    { url = "https://files.pythonhosted.org/packages/08/43/760246b541ccb5e8c30195ad8a2870ba00a37fb010585d6a63a6aac8ad91/lief-1.0.0-cp315-cp315t-macosx_11_0_arm64.whl", hash = "sha256:47c60ba68c3a1f53d872bb004a4e7d2a6f2572372d79a362fa3bd3369f5b8945", size = 3349476, upload-time = "2026-07-12T14:11:25.766Z" },
    { url = "https://files.pythonhosted.org/packages/da/2d/d0800b3f0aceb65388a236628c20e58d781abe71a17448307e8746b0c11f/lief-1.0.0-cp315-cp315t-macosx_11_0_x86_64.whl", hash = "sha256:caad33b4fe1eebf8d18acac3a8e2bbfc10f89706f7555e459e6d2588eb8f80fd", size = 3432749, upload-time = "2026-07-12T14:11:27.823Z" },
    { url = "https://files.pythonhosted.org/packages/b6/16/3e10313c41726a2a72beb6b9e63d20537f18cf1b1509a31d0b4e58169272/lief-1.0.0-cp315-cp315t-manylinux_2_28_aarch64.whl", hash = "sha256:23f42c7f4ae2df5492eb3a4ed449a2ae16bec107d9baf987bd618fde1ce53564", size = 3663917, upload-time = "2026-07-12T14:11:29.574Z" },
    { url = "https://files.pythonhosted.org/packages/24/31/12545f5a978e9018d95d6f8ccc97253ddffeb5d54101cc02f3c92a9f339a/lief-1.0.0-cp315-cp315t-manylinux_2_28_i686.whl", hash = "sha256:980aeaff59734b48927b3f9a2915c7d834c16d75d9a36a581e4f0dbd082481a8", size = 3805856, upload-time = "2026-07-12T14:11:31.498Z" },
    { url = "https://files.pythonhosted.org/packages/b9/eb/6541a331c98e490381818ae461e3a02ae12f033661b9f41887b76e09d702/lief-1.0.0-cp315-cp315t-manylinux_2_28_riscv64.whl", hash = "sha256:6a02dcd93c9dba14d3f007bc3a2a84ebf2706b704a5ab32ea6bf71987d4a9f5b", size = 3750666, upload-time = "2026-07-12T14:11:33.565Z" },
    { url = "https://files.pythonhosted.org/packages/ac/98/b8c18c255e66845ae60dbec0df6fdb38a0d7f07518c7be73f1b3d38b50dd/lief-1.0.0-cp315-cp315t-manylinux_2_28_x86_64.whl", hash = "sha256:fcaf9a28f004bc5f49637dd1a5cdfb8f937feb58febb5f70ebec29c0c1c3584c", size = 3731457, upload-time = "2026-07-12T14:11:36.2Z" },
    { url = "https://files.pythonhosted.org/packages/7b/4a/d8f2eb1f1ad1541fdb0c1508f610b49e8edb7dd39b74a53e882675e36da6/lief-1.0.0-cp315-cp315t-musllinux_1_2_aarch64.whl", hash = "sha256:4e6ae6b3bfd4bc4b2f8a805d0dc74b00de9da173d9a4b2bd581d774bb2cdd19d", size = 3975439, upload-time = "2026-07-12T14:11:37.962Z" },
    { url = "https://files.pythonhosted.org/packages/5e/74/a33c39eace7d326641ba058edc98c4c9045ef02e43a75002663707db0613/lief-1.0.0-cp315-cp315t-musllinux_1_2_i686.whl", hash = "sha256:2ee72db426d304a37d7bcfe246de3ea1e524ff95104c39f132b88835e6408fa6", size = 4250339, upload-time = "2026-07-12T14:11:39.695Z" },
    { url = "https://files.pythonhosted.org/packages/76/88/997c8880adf63e116d2eddf2062fe517baed454a154a3d49b149776033d5/lief-1.0.0-cp315-cp315t-musllinux_1_2_riscv64.whl", hash = "sha256:0628dea883631d33a84498e79c96e9cffff24ed898f9204d139ab1a51e079478", size = 4029632, upload-time = "2026-07-12T14:11:42.178Z" },
    { url = "https://files.pythonhosted.org/packages/cd/5a/8592eba660355fa299919f7aef4c18dad330d1172b2303d3f0a59ac82409/lief-1.0.0-cp315-cp315t-musllinux_1_2_x86_64.whl", hash = "sha256:5f7f187745c81a81231d9785bed73bae90f495531c5ea40449370e37441b45a2", size = 4027501, upload-time = "2026-07-12T14:11:43.979Z" },
    { url = "https://files.pythonhosted.org/packages/46/72/2755e9afde286bef1a1501b02a1025487bcac0ad857be6e24f8ab22d5ab9/lief-1.0.0-cp315-cp315t-win32.whl", hash = "sha256:7a9c376fd607a9480777d0928ae37fd48547937b3a54bb5d130512061e5e953c", size = 3787315, upload-time = "2026-07-12T14:22:46.611Z" },
    { url = "https://files.pythonhosted.org/packages/b8/46/bd2e04e3b8afa0a7068d80218add90ebb9a4b90fbad60987312d934d7a9f/lief-1.0.0-cp315-cp315t-win_amd64.whl", hash = "sha256:4d49b2fa555163692dbecba147a55847abf641fee3c6d72315db14d084b4a160", size = 4073797, upload-time = "2026-07-12T14:11:45.671Z" },
    { url = "https://files.pythonhosted.org/packages/d1/ce/dea3c1f1a2c04b6de4a8040bd16c5a081d06db8ea18e15dc715988b8df58/lief-1.0.0-cp315-cp315t-win_arm64.whl", hash = "sha256:580e786d72fc34a0402b0af66ed755e668293946705b8193b766c501f00bc448", size = 3804488, upload-time = "2026-07-12T14:11:47.346Z" },
    { url = "https://files.pythonhosted.org/packages/a9/6f/0880ec69511bd30433bb72d3714694664fc786895e3ac54be3ec3ce0f90d/lief-1.0.0-cp39-cp39-macosx_11_0_arm64.whl", hash = "sha256:a4d1c2e764ab609fbc81d140b4949039dc728e83e060a68437b3eb0350121a29", size = 3288100, upload-time = "2026-07-12T14:11:49.113Z" },
    { url = "https://files.pythonhosted.org/packages/e9/c8/43ef00937448f89a9f87a5d88d95fe9bc1c4d541207a36f7f912d9d7d19e/lief-1.0.0-cp39-cp39-macosx_11_0_x86_64.whl", hash = "sha256:b2d9a1c08ce23112ee1141d9c3e799d03695923c9e383c90edd0b0856b36483d", size = 3375647, upload-time = "2026-07-12T14:11:50.967Z" },
    { url = "https://files.pythonhosted.org/packages/0e/f1/407abb484339f039c89875be940f1a7f153583817e5ebc15f3417d356f4e/lief-1.0.0-cp39-cp39-manylinux_2_28_aarch64.whl", hash = "sha256:9b5be5f2c08a9fbcf3f37f19aa297fb567ec36e939c24ecbe6d45c4a7b3a981b", size = 3610987, upload-time = "2026-07-12T14:11:52.714Z" },
    { url = "https://files.pythonhosted.org/packages/ff/ec/d8877275eaa9933fb797541f3e54dc87e9deeb7fc912478e606152c06be8/lief-1.0.0-cp39-cp39-manylinux_2_28_i686.whl", hash = "sha256:c68c3c19eb75acbca43970fd68a6ccd5fb8795582d31457dcfda744307b54c00", size = 3753696, upload-time = "2026-07-12T14:11:54.496Z" },
    { url = "https://files.pythonhosted.org/packages/2e/d5/f1f9664905449603047545361eebc037d964532eabd98b650a48b1c73214/lief-1.0.0-cp39-cp39-manylinux_2_28_riscv64.whl", hash = "sha256:cc8838a75f93ee9dbd784e6da7ee527d11d16a83de18f8c975344231429da8f8", size = 3693901, upload-time = "2026-07-12T14:11:56.32Z" },
    { url = "https://files.pythonhosted.org/packages/ea/e8/4f0b9fb00f8910794491d540ec0093bedad20c67444524b222d89e0a12a4/lief-1.0.0-cp39-cp39-manylinux_2_28_x86_64.whl", hash = "sha256:9ef6ed0bd319ace01168c4fe5fcf09dbf2245e339f249fad80a2bcebb0439d3d", size = 3670726, upload-time = "2026-07-12T14:11:58.155Z" },
    { url = "https://files.pythonhosted.org/packages/68/1e/fb2f3ef1ff1e54dd1cc3f689798d49200763d1e3cd1a0554b1b0c32c0781/lief-1.0.0-cp39-cp39-musllinux_1_2_aarch64.whl", hash = "sha256:bac71c133a9412006a07010eefa6438032db8641aedcc8f6ace8fe845fb97067", size = 3918909, upload-time = "2026-07-12T14:11:59.96Z" },
    { url = "https://files.pythonhosted.org/packages/a4/81/01f0ce7ab66beb8e0380fde0d9315297a5f6b37b7a3a918aea053cf5d26f/lief-1.0.0-cp39-cp39-musllinux_1_2_i686.whl", hash = "sha256:3cf41cda0c748687e58295117004d44b499005e396a34f58ac8a514bfc899491", size = 4196982, upload-time = "2026-07-12T14:12:01.902Z" },
    { url = "https://files.pythonhosted.org/packages/17/93/171cf8128f601981c313677b94b486c5dd62466c759a842777eec36be591/lief-1.0.0-cp39-cp39-musllinux_1_2_riscv64.whl", hash = "sha256:4e3abaac54cb548b7e8d279f3008e990ee5184eea0fa85524056a9522e36ed54", size = 3972338, upload-time = "2026-07-12T14:12:03.914Z" },
    { url = "https://files.pythonhosted.org/packages/69/e2/cb371d4e4150ab6cf1317ee5a3da5c8d47f30eba62d2bd59dd3d3e027514/lief-1.0.0-cp39-cp39-musllinux_1_2_x86_64.whl", hash = "sha256:26f2d29dadd36b850f38f58ecca97eebbd3bf201a1ec13355a31177b44f4cc50", size = 3963709, upload-time = "2026-07-12T14:12:05.787Z" },
    { url = "https://files.pythonhosted.org/packages/84/2b/3e6a1cab719df1d700e886be0b83b325873727e74ab5f6cb934a1cb8ba46/lief-1.0.0-cp39-cp39-win32.whl", hash = "sha256:ca999ccd12aba1c09d4d1337624c1fbc3a4084c1714f12a5be8bb9d1484f0d42", size = 3723051, upload-time = "2026-07-12T14:22:48.145Z" },
    { url = "https://files.pythonhosted.org/packages/60/ac/db196a4a3ccea783e77cb20005f86954b2c4407753ca8cf0565a9bdbf808/lief-1.0.0-cp39-cp39-win_amd64.whl", hash = "sha256:3fd100c594bd5451d4c22b67e42d286860869ebb56d98f635c1daa56a11760e1", size = 4011913, upload-time = "2026-07-12T14:12:07.72Z" },
]

[[package]]
name = "packaging"
version = "26.2"
source = { registry = "https://pypi.org/simple" }
sdist = { url = "https://files.pythonhosted.org/packages/d7/f1/e7a6dd94a8d4a5626c03e4e99c87f241ba9e350cd9e6d75123f992427270/packaging-26.2.tar.gz", hash = "sha256:ff452ff5a3e828ce110190feff1178bb1f2ea2281fa2075aadb987c2fb221661", size = 228134, upload-time = "2026-04-24T20:15:23.917Z" }
wheels = [
    { url = "https://files.pythonhosted.org/packages/df/b2/87e62e8c3e2f4b32e5fe99e0b86d576da1312593b39f47d8ceef365e95ed/packaging-26.2-py3-none-any.whl", hash = "sha256:5fc45236b9446107ff2415ce77c807cee2862cb6fac22b8a73826d0693b0980e", size = 100195, upload-time = "2026-04-24T20:15:22.081Z" },
]

[[package]]
name = "pluggy"
version = "1.6.0"
source = { registry = "https://pypi.org/simple" }
sdist = { url = "https://files.pythonhosted.org/packages/f9/e2/3e91f31a7d2b083fe6ef3fa267035b518369d9511ffab804f839851d2779/pluggy-1.6.0.tar.gz", hash = "sha256:7dcc130b76258d33b90f61b658791dede3486c3e6bfb003ee5c9bfb396dd22f3", size = 69412, upload-time = "2025-05-15T12:30:07.975Z" }
wheels = [
    { url = "https://files.pythonhosted.org/packages/54/20/4d324d65cc6d9205fabedc306948156824eb9f0ee1633355a8f7ec5c66bf/pluggy-1.6.0-py3-none-any.whl", hash = "sha256:e920276dd6813095e9377c0bc5566d94c932c33b27a3e3945d8389c374dd4746", size = 20538, upload-time = "2025-05-15T12:30:06.134Z" },
]

[[package]]
name = "pygments"
version = "2.20.0"
source = { registry = "https://pypi.org/simple" }
sdist = { url = "https://files.pythonhosted.org/packages/c3/b2/bc9c9196916376152d655522fdcebac55e66de6603a76a02bca1b6414f6c/pygments-2.20.0.tar.gz", hash = "sha256:6757cd03768053ff99f3039c1a36d6c0aa0b263438fcab17520b30a303a82b5f", size = 4955991, upload-time = "2026-03-29T13:29:33.898Z" }
wheels = [
    { url = "https://files.pythonhosted.org/packages/f4/7e/a72dd26f3b0f4f2bf1dd8923c85f7ceb43172af56d63c7383eb62b332364/pygments-2.20.0-py3-none-any.whl", hash = "sha256:81a9e26dd42fd28a23a2d169d86d7ac03b46e2f8b59ed4698fb4785f946d0176", size = 1231151, upload-time = "2026-03-29T13:29:30.038Z" },
]

[[package]]
name = "pytest"
version = "8.4.2"
source = { registry = "https://pypi.org/simple" }
resolution-markers = [
    "python_full_version < '3.10'",
]
dependencies = [
    { name = "colorama", marker = "sys_platform == 'win32'" },
    { name = "exceptiongroup" },
    { name = "iniconfig", version = "2.1.0", source = { registry = "https://pypi.org/simple" } },
    { name = "packaging" },
    { name = "pluggy" },
    { name = "pygments" },
    { name = "tomli" },
]
sdist = { url = "https://files.pythonhosted.org/packages/a3/5c/00a0e072241553e1a7496d638deababa67c5058571567b92a7eaa258397c/pytest-8.4.2.tar.gz", hash = "sha256:86c0d0b93306b961d58d62a4db4879f27fe25513d4b969df351abdddb3c30e01", size = 1519618, upload-time = "2025-09-04T14:34:22.711Z" }
wheels = [
    { url = "https://files.pythonhosted.org/packages/a8/a4/20da314d277121d6534b3a980b29035dcd51e6744bd79075a6ce8fa4eb8d/pytest-8.4.2-py3-none-any.whl", hash = "sha256:872f880de3fc3a5bdc88a11b39c9710c3497a547cfa9320bc3c5e62fbf272e79", size = 365750, upload-time = "2025-09-04T14:34:20.226Z" },
]

[[package]]
name = "pytest"
version = "9.1.1"
source = { registry = "https://pypi.org/simple" }
resolution-markers = [
    "python_full_version >= '3.10'",
]
dependencies = [
    { name = "colorama", marker = "sys_platform == 'win32'" },
    { name = "exceptiongroup", marker = "python_full_version < '3.11'" },
    { name = "iniconfig", version = "2.3.0", source = { registry = "https://pypi.org/simple" } },
    { name = "packaging" },
    { name = "pluggy" },
    { name = "pygments" },
    { name = "tomli", marker = "python_full_version < '3.11'" },
]
sdist = { url = "https://files.pythonhosted.org/packages/e4/47/b9efed96c114afcfa3c9d3fe98a76a1d14c74a9e266d397cf6eb64be5e01/pytest-9.1.1.tar.gz", hash = "sha256:1088fbde8f2b49d95a549a195707afa7a76a3ce9bcadc26b6d71f0ffda5fe313", size = 1636369, upload-time = "2026-06-19T10:58:32.857Z" }
wheels = [
    { url = "https://files.pythonhosted.org/packages/24/25/1de2678b631f5a49215c6c96fff41ba892b0a34df68d6d80292b1b48aa7f/pytest-9.1.1-py3-none-any.whl", hash = "sha256:37a86b45efb9a47a61a36449063e8e18d0cab3161329fc099eb21783169c4f0c", size = 386536, upload-time = "2026-06-19T10:58:31.347Z" },
]

[[package]]
name = "tomli"
version = "2.4.1"
source = { registry = "https://pypi.org/simple" }
sdist = { url = "https://files.pythonhosted.org/packages/22/de/48c59722572767841493b26183a0d1cc411d54fd759c5607c4590b6563a6/tomli-2.4.1.tar.gz", hash = "sha256:7c7e1a961a0b2f2472c1ac5b69affa0ae1132c39adcb67aba98568702b9cc23f", size = 17543, upload-time = "2026-03-25T20:22:03.828Z" }
wheels = [
    { url = "https://files.pythonhosted.org/packages/f4/11/db3d5885d8528263d8adc260bb2d28ebf1270b96e98f0e0268d32b8d9900/tomli-2.4.1-cp311-cp311-macosx_10_9_x86_64.whl", hash = "sha256:f8f0fc26ec2cc2b965b7a3b87cd19c5c6b8c5e5f436b984e85f486d652285c30", size = 154704, upload-time = "2026-03-25T20:21:10.473Z" },
    { url = "https://files.pythonhosted.org/packages/6d/f7/675db52c7e46064a9aa928885a9b20f4124ecb9bc2e1ce74c9106648d202/tomli-2.4.1-cp311-cp311-macosx_11_0_arm64.whl", hash = "sha256:4ab97e64ccda8756376892c53a72bd1f964e519c77236368527f758fbc36a53a", size = 149454, upload-time = "2026-03-25T20:21:12.036Z" },
    { url = "https://files.pythonhosted.org/packages/61/71/81c50943cf953efa35bce7646caab3cf457a7d8c030b27cfb40d7235f9ee/tomli-2.4.1-cp311-cp311-manylinux2014_aarch64.manylinux_2_17_aarch64.manylinux_2_28_aarch64.whl", hash = "sha256:96481a5786729fd470164b47cdb3e0e58062a496f455ee41b4403be77cb5a076", size = 237561, upload-time = "2026-03-25T20:21:13.098Z" },
    { url = "https://files.pythonhosted.org/packages/48/c1/f41d9cb618acccca7df82aaf682f9b49013c9397212cb9f53219e3abac37/tomli-2.4.1-cp311-cp311-manylinux2014_x86_64.manylinux_2_17_x86_64.manylinux_2_28_x86_64.whl", hash = "sha256:5a881ab208c0baf688221f8cecc5401bd291d67e38a1ac884d6736cbcd8247e9", size = 243824, upload-time = "2026-03-25T20:21:14.569Z" },
    { url = "https://files.pythonhosted.org/packages/22/e4/5a816ecdd1f8ca51fb756ef684b90f2780afc52fc67f987e3c61d800a46d/tomli-2.4.1-cp311-cp311-musllinux_1_2_aarch64.whl", hash = "sha256:47149d5bd38761ac8be13a84864bf0b7b70bc051806bc3669ab1cbc56216b23c", size = 242227, upload-time = "2026-03-25T20:21:15.712Z" },
    { url = "https://files.pythonhosted.org/packages/6b/49/2b2a0ef529aa6eec245d25f0c703e020a73955ad7edf73e7f54ddc608aa5/tomli-2.4.1-cp311-cp311-musllinux_1_2_x86_64.whl", hash = "sha256:ec9bfaf3ad2df51ace80688143a6a4ebc09a248f6ff781a9945e51937008fcbc", size = 247859, upload-time = "2026-03-25T20:21:17.001Z" },
    { url = "https://files.pythonhosted.org/packages/83/bd/6c1a630eaca337e1e78c5903104f831bda934c426f9231429396ce3c3467/tomli-2.4.1-cp311-cp311-win32.whl", hash = "sha256:ff2983983d34813c1aeb0fa89091e76c3a22889ee83ab27c5eeb45100560c049", size = 97204, upload-time = "2026-03-25T20:21:18.079Z" },
    { url = "https://files.pythonhosted.org/packages/42/59/71461df1a885647e10b6bb7802d0b8e66480c61f3f43079e0dcd315b3954/tomli-2.4.1-cp311-cp311-win_amd64.whl", hash = "sha256:5ee18d9ebdb417e384b58fe414e8d6af9f4e7a0ae761519fb50f721de398dd4e", size = 108084, upload-time = "2026-03-25T20:21:18.978Z" },
    { url = "https://files.pythonhosted.org/packages/b8/83/dceca96142499c069475b790e7913b1044c1a4337e700751f48ed723f883/tomli-2.4.1-cp311-cp311-win_arm64.whl", hash = "sha256:c2541745709bad0264b7d4705ad453b76ccd191e64aa6f0fc66b69a293a45ece", size = 95285, upload-time = "2026-03-25T20:21:20.309Z" },
    { url = "https://files.pythonhosted.org/packages/c1/ba/42f134a3fe2b370f555f44b1d72feebb94debcab01676bf918d0cb70e9aa/tomli-2.4.1-cp312-cp312-macosx_10_13_x86_64.whl", hash = "sha256:c742f741d58a28940ce01d58f0ab2ea3ced8b12402f162f4d534dfe18ba1cd6a", size = 155924, upload-time = "2026-03-25T20:21:21.626Z" },
    { url = "https://files.pythonhosted.org/packages/dc/c7/62d7a17c26487ade21c5422b646110f2162f1fcc95980ef7f63e73c68f14/tomli-2.4.1-cp312-cp312-macosx_11_0_arm64.whl", hash = "sha256:7f86fd587c4ed9dd76f318225e7d9b29cfc5a9d43de44e5754db8d1128487085", size = 150018, upload-time = "2026-03-25T20:21:23.002Z" },
    { url = "https://files.pythonhosted.org/packages/5c/05/79d13d7c15f13bdef410bdd49a6485b1c37d28968314eabee452c22a7fda/tomli-2.4.1-cp312-cp312-manylinux2014_aarch64.manylinux_2_17_aarch64.manylinux_2_28_aarch64.whl", hash = "sha256:ff18e6a727ee0ab0388507b89d1bc6a22b138d1e2fa56d1ad494586d61d2eae9", size = 244948, upload-time = "2026-03-25T20:21:24.04Z" },
    { url = "https://files.pythonhosted.org/packages/10/90/d62ce007a1c80d0b2c93e02cab211224756240884751b94ca72df8a875ca/tomli-2.4.1-cp312-cp312-manylinux2014_x86_64.manylinux_2_17_x86_64.manylinux_2_28_x86_64.whl", hash = "sha256:136443dbd7e1dee43c68ac2694fde36b2849865fa258d39bf822c10e8068eac5", size = 253341, upload-time = "2026-03-25T20:21:25.177Z" },
    { url = "https://files.pythonhosted.org/packages/1a/7e/caf6496d60152ad4ed09282c1885cca4eea150bfd007da84aea07bcc0a3e/tomli-2.4.1-cp312-cp312-musllinux_1_2_aarch64.whl", hash = "sha256:5e262d41726bc187e69af7825504c933b6794dc3fbd5945e41a79bb14c31f585", size = 248159, upload-time = "2026-03-25T20:21:26.364Z" },
    { url = "https://files.pythonhosted.org/packages/99/e7/c6f69c3120de34bbd882c6fba7975f3d7a746e9218e56ab46a1bc4b42552/tomli-2.4.1-cp312-cp312-musllinux_1_2_x86_64.whl", hash = "sha256:5cb41aa38891e073ee49d55fbc7839cfdb2bc0e600add13874d048c94aadddd1", size = 253290, upload-time = "2026-03-25T20:21:27.46Z" },
    { url = "https://files.pythonhosted.org/packages/d6/2f/4a3c322f22c5c66c4b836ec58211641a4067364f5dcdd7b974b4c5da300c/tomli-2.4.1-cp312-cp312-win32.whl", hash = "sha256:da25dc3563bff5965356133435b757a795a17b17d01dbc0f42fb32447ddfd917", size = 98141, upload-time = "2026-03-25T20:21:28.492Z" },
    { url = "https://files.pythonhosted.org/packages/24/22/4daacd05391b92c55759d55eaee21e1dfaea86ce5c571f10083360adf534/tomli-2.4.1-cp312-cp312-win_amd64.whl", hash = "sha256:52c8ef851d9a240f11a88c003eacb03c31fc1c9c4ec64a99a0f922b93874fda9", size = 108847, upload-time = "2026-03-25T20:21:29.386Z" },
    { url = "https://files.pythonhosted.org/packages/68/fd/70e768887666ddd9e9f5d85129e84910f2db2796f9096aa02b721a53098d/tomli-2.4.1-cp312-cp312-win_arm64.whl", hash = "sha256:f758f1b9299d059cc3f6546ae2af89670cb1c4d48ea29c3cacc4fe7de3058257", size = 95088, upload-time = "2026-03-25T20:21:30.677Z" },
    { url = "https://files.pythonhosted.org/packages/07/06/b823a7e818c756d9a7123ba2cda7d07bc2dd32835648d1a7b7b7a05d848d/tomli-2.4.1-cp313-cp313-macosx_10_13_x86_64.whl", hash = "sha256:36d2bd2ad5fb9eaddba5226aa02c8ec3fa4f192631e347b3ed28186d43be6b54", size = 155866, upload-time = "2026-03-25T20:21:31.65Z" },
    { url = "https://files.pythonhosted.org/packages/14/6f/12645cf7f08e1a20c7eb8c297c6f11d31c1b50f316a7e7e1e1de6e2e7b7e/tomli-2.4.1-cp313-cp313-macosx_11_0_arm64.whl", hash = "sha256:eb0dc4e38e6a1fd579e5d50369aa2e10acfc9cace504579b2faabb478e76941a", size = 149887, upload-time = "2026-03-25T20:21:33.028Z" },
    { url = "https://files.pythonhosted.org/packages/5c/e0/90637574e5e7212c09099c67ad349b04ec4d6020324539297b634a0192b0/tomli-2.4.1-cp313-cp313-manylinux2014_aarch64.manylinux_2_17_aarch64.manylinux_2_28_aarch64.whl", hash = "sha256:c7f2c7f2b9ca6bdeef8f0fa897f8e05085923eb091721675170254cbc5b02897", size = 243704, upload-time = "2026-03-25T20:21:34.51Z" },
    { url = "https://files.pythonhosted.org/packages/10/8f/d3ddb16c5a4befdf31a23307f72828686ab2096f068eaf56631e136c1fdd/tomli-2.4.1-cp313-cp313-manylinux2014_x86_64.manylinux_2_17_x86_64.manylinux_2_28_x86_64.whl", hash = "sha256:f3c6818a1a86dd6dca7ddcaaf76947d5ba31aecc28cb1b67009a5877c9a64f3f", size = 251628, upload-time = "2026-03-25T20:21:36.012Z" },
    { url = "https://files.pythonhosted.org/packages/e3/f1/dbeeb9116715abee2485bf0a12d07a8f31af94d71608c171c45f64c0469d/tomli-2.4.1-cp313-cp313-musllinux_1_2_aarch64.whl", hash = "sha256:d312ef37c91508b0ab2cee7da26ec0b3ed2f03ce12bd87a588d771ae15dcf82d", size = 247180, upload-time = "2026-03-25T20:21:37.136Z" },
    { url = "https://files.pythonhosted.org/packages/d3/74/16336ffd19ed4da28a70959f92f506233bd7cfc2332b20bdb01591e8b1d1/tomli-2.4.1-cp313-cp313-musllinux_1_2_x86_64.whl", hash = "sha256:51529d40e3ca50046d7606fa99ce3956a617f9b36380da3b7f0dd3dd28e68cb5", size = 251674, upload-time = "2026-03-25T20:21:38.298Z" },
    { url = "https://files.pythonhosted.org/packages/16/f9/229fa3434c590ddf6c0aa9af64d3af4b752540686cace29e6281e3458469/tomli-2.4.1-cp313-cp313-win32.whl", hash = "sha256:2190f2e9dd7508d2a90ded5ed369255980a1bcdd58e52f7fe24b8162bf9fedbd", size = 97976, upload-time = "2026-03-25T20:21:39.316Z" },
    { url = "https://files.pythonhosted.org/packages/6a/1e/71dfd96bcc1c775420cb8befe7a9d35f2e5b1309798f009dca17b7708c1e/tomli-2.4.1-cp313-cp313-win_amd64.whl", hash = "sha256:8d65a2fbf9d2f8352685bc1364177ee3923d6baf5e7f43ea4959d7d8bc326a36", size = 108755, upload-time = "2026-03-25T20:21:40.248Z" },
    { url = "https://files.pythonhosted.org/packages/83/7a/d34f422a021d62420b78f5c538e5b102f62bea616d1d75a13f0a88acb04a/tomli-2.4.1-cp313-cp313-win_arm64.whl", hash = "sha256:4b605484e43cdc43f0954ddae319fb75f04cc10dd80d830540060ee7cd0243cd", size = 95265, upload-time = "2026-03-25T20:21:41.219Z" },
    { url = "https://files.pythonhosted.org/packages/3c/fb/9a5c8d27dbab540869f7c1f8eb0abb3244189ce780ba9cd73f3770662072/tomli-2.4.1-cp314-cp314-macosx_10_15_x86_64.whl", hash = "sha256:fd0409a3653af6c147209d267a0e4243f0ae46b011aa978b1080359fddc9b6cf", size = 155726, upload-time = "2026-03-25T20:21:42.23Z" },
    { url = "https://files.pythonhosted.org/packages/62/05/d2f816630cc771ad836af54f5001f47a6f611d2d39535364f148b6a92d6b/tomli-2.4.1-cp314-cp314-macosx_11_0_arm64.whl", hash = "sha256:a120733b01c45e9a0c34aeef92bf0cf1d56cfe81ed9d47d562f9ed591a9828ac", size = 149859, upload-time = "2026-03-25T20:21:43.386Z" },
    { url = "https://files.pythonhosted.org/packages/ce/48/66341bdb858ad9bd0ceab5a86f90eddab127cf8b046418009f2125630ecb/tomli-2.4.1-cp314-cp314-manylinux2014_aarch64.manylinux_2_17_aarch64.manylinux_2_28_aarch64.whl", hash = "sha256:559db847dc486944896521f68d8190be1c9e719fced785720d2216fe7022b662", size = 244713, upload-time = "2026-03-25T20:21:44.474Z" },
    { url = "https://files.pythonhosted.org/packages/df/6d/c5fad00d82b3c7a3ab6189bd4b10e60466f22cfe8a08a9394185c8a8111c/tomli-2.4.1-cp314-cp314-manylinux2014_x86_64.manylinux_2_17_x86_64.manylinux_2_28_x86_64.whl", hash = "sha256:01f520d4f53ef97964a240a035ec2a869fe1a37dde002b57ebc4417a27ccd853", size = 252084, upload-time = "2026-03-25T20:21:45.62Z" },
    { url = "https://files.pythonhosted.org/packages/00/71/3a69e86f3eafe8c7a59d008d245888051005bd657760e96d5fbfb0b740c2/tomli-2.4.1-cp314-cp314-musllinux_1_2_aarch64.whl", hash = "sha256:7f94b27a62cfad8496c8d2513e1a222dd446f095fca8987fceef261225538a15", size = 247973, upload-time = "2026-03-25T20:21:46.937Z" },
    { url = "https://files.pythonhosted.org/packages/67/50/361e986652847fec4bd5e4a0208752fbe64689c603c7ae5ea7cb16b1c0ca/tomli-2.4.1-cp314-cp314-musllinux_1_2_x86_64.whl", hash = "sha256:ede3e6487c5ef5d28634ba3f31f989030ad6af71edfb0055cbbd14189ff240ba", size = 256223, upload-time = "2026-03-25T20:21:48.467Z" },
    { url = "https://files.pythonhosted.org/packages/8c/9a/b4173689a9203472e5467217e0154b00e260621caa227b6fa01feab16998/tomli-2.4.1-cp314-cp314-win32.whl", hash = "sha256:3d48a93ee1c9b79c04bb38772ee1b64dcf18ff43085896ea460ca8dec96f35f6", size = 98973, upload-time = "2026-03-25T20:21:49.526Z" },
    { url = "https://files.pythonhosted.org/packages/14/58/640ac93bf230cd27d002462c9af0d837779f8773bc03dee06b5835208214/tomli-2.4.1-cp314-cp314-win_amd64.whl", hash = "sha256:88dceee75c2c63af144e456745e10101eb67361050196b0b6af5d717254dddf7", size = 109082, upload-time = "2026-03-25T20:21:50.506Z" },
    { url = "https://files.pythonhosted.org/packages/d5/2f/702d5e05b227401c1068f0d386d79a589bb12bf64c3d2c72ce0631e3bc49/tomli-2.4.1-cp314-cp314-win_arm64.whl", hash = "sha256:b8c198f8c1805dc42708689ed6864951fd2494f924149d3e4bce7710f8eb5232", size = 96490, upload-time = "2026-03-25T20:21:51.474Z" },
    { url = "https://files.pythonhosted.org/packages/45/4b/b877b05c8ba62927d9865dd980e34a755de541eb65fffba52b4cc495d4d2/tomli-2.4.1-cp314-cp314t-macosx_10_15_x86_64.whl", hash = "sha256:d4d8fe59808a54658fcc0160ecfb1b30f9089906c50b23bcb4c69eddc19ec2b4", size = 164263, upload-time = "2026-03-25T20:21:52.543Z" },
    { url = "https://files.pythonhosted.org/packages/24/79/6ab420d37a270b89f7195dec5448f79400d9e9c1826df982f3f8e97b24fd/tomli-2.4.1-cp314-cp314t-macosx_11_0_arm64.whl", hash = "sha256:7008df2e7655c495dd12d2a4ad038ff878d4ca4b81fccaf82b714e07eae4402c", size = 160736, upload-time = "2026-03-25T20:21:53.674Z" },
    { url = "https://files.pythonhosted.org/packages/02/e0/3630057d8eb170310785723ed5adcdfb7d50cb7e6455f85ba8a3deed642b/tomli-2.4.1-cp314-cp314t-manylinux2014_aarch64.manylinux_2_17_aarch64.manylinux_2_28_aarch64.whl", hash = "sha256:1d8591993e228b0c930c4bb0db464bdad97b3289fb981255d6c9a41aedc84b2d", size = 270717, upload-time = "2026-03-25T20:21:55.129Z" },
    { url = "https://files.pythonhosted.org/packages/7a/b4/1613716072e544d1a7891f548d8f9ec6ce2faf42ca65acae01d76ea06bb0/tomli-2.4.1-cp314-cp314t-manylinux2014_x86_64.manylinux_2_17_x86_64.manylinux_2_28_x86_64.whl", hash = "sha256:734e20b57ba95624ecf1841e72b53f6e186355e216e5412de414e3c51e5e3c41", size = 278461, upload-time = "2026-03-25T20:21:56.228Z" },
    { url = "https://files.pythonhosted.org/packages/05/38/30f541baf6a3f6df77b3df16b01ba319221389e2da59427e221ef417ac0c/tomli-2.4.1-cp314-cp314t-musllinux_1_2_aarch64.whl", hash = "sha256:8a650c2dbafa08d42e51ba0b62740dae4ecb9338eefa093aa5c78ceb546fcd5c", size = 274855, upload-time = "2026-03-25T20:21:57.653Z" },
    { url = "https://files.pythonhosted.org/packages/77/a3/ec9dd4fd2c38e98de34223b995a3b34813e6bdadf86c75314c928350ed14/tomli-2.4.1-cp314-cp314t-musllinux_1_2_x86_64.whl", hash = "sha256:504aa796fe0569bb43171066009ead363de03675276d2d121ac1a4572397870f", size = 283144, upload-time = "2026-03-25T20:21:59.089Z" },
    { url = "https://files.pythonhosted.org/packages/ef/be/605a6261cac79fba2ec0c9827e986e00323a1945700969b8ee0b30d85453/tomli-2.4.1-cp314-cp314t-win32.whl", hash = "sha256:b1d22e6e9387bf4739fbe23bfa80e93f6b0373a7f1b96c6227c32bef95a4d7a8", size = 108683, upload-time = "2026-03-25T20:22:00.214Z" },
    { url = "https://files.pythonhosted.org/packages/12/64/da524626d3b9cc40c168a13da8335fe1c51be12c0a63685cc6db7308daae/tomli-2.4.1-cp314-cp314t-win_amd64.whl", hash = "sha256:2c1c351919aca02858f740c6d33adea0c5deea37f9ecca1cc1ef9e884a619d26", size = 121196, upload-time = "2026-03-25T20:22:01.169Z" },
    { url = "https://files.pythonhosted.org/packages/5a/cd/e80b62269fc78fc36c9af5a6b89c835baa8af28ff5ad28c7028d60860320/tomli-2.4.1-cp314-cp314t-win_arm64.whl", hash = "sha256:eab21f45c7f66c13f2a9e0e1535309cee140182a9cdae1e041d02e47291e8396", size = 100393, upload-time = "2026-03-25T20:22:02.137Z" },
    { url = "https://files.pythonhosted.org/packages/7b/61/cceae43728b7de99d9b847560c262873a1f6c98202171fd5ed62640b494b/tomli-2.4.1-py3-none-any.whl", hash = "sha256:0d85819802132122da43cb86656f8d1f8c6587d54ae7dcaf30e90533028b49fe", size = 14583, upload-time = "2026-03-25T20:22:03.012Z" },
]

[[package]]
name = "typing-extensions"
version = "4.16.0"
source = { registry = "https://pypi.org/simple" }
sdist = { url = "https://files.pythonhosted.org/packages/f6/cc/6253133b5bb138fc3306cebfbda2c520f545d36b5be2c7255cc528bb45d6/typing_extensions-4.16.0.tar.gz", hash = "sha256:dc983d19a509c94dba722ee6abd33940f7c05a89e243c47e907eb4db6f1a43e5", size = 113555, upload-time = "2026-07-02T08:40:05.92Z" }
wheels = [
    { url = "https://files.pythonhosted.org/packages/49/d3/b8441a820a491ddfc024b0b0cf0393375b75ea13866d9c66727e54c2fc80/typing_extensions-4.16.0-py3-none-any.whl", hash = "sha256:481caa481374e813c1b176ada14e97f1f67a4539ce9cfeb3f350d78d6370c2e8", size = 45571, upload-time = "2026-07-02T08:40:04.659Z" },
]

[[package]]
name = "unsea"
version = "0.1.1"
source = { editable = "." }
dependencies = [
    { name = "lief" },
]

[package.dev-dependencies]
dev = [
    { name = "pytest", version = "8.4.2", source = { registry = "https://pypi.org/simple" }, marker = "python_full_version < '3.10'" },
    { name = "pytest", version = "9.1.1", source = { registry = "https://pypi.org/simple" }, marker = "python_full_version >= '3.10'" },
]

[package.metadata]
requires-dist = [{ name = "lief", specifier = "==1.0.0" }]

[package.metadata.requires-dev]
dev = [{ name = "pytest", specifier = ">=8.4.2" }]
